
Microsoft Visual Studio Solution File, Format Version 12.00
# Visual Studio Version 17
VisualStudioVersion = 17.2.32519.379
MinimumVisualStudioVersion = 10.0.40219.1
Project("{2150E333-8FDC-42A3-9474-1A3956D46DE8}") = "Tests", "Tests", "{003F7774-8202-4837-8C40-72297F3876C1}"
EndProject
Project("{9A19103F-16F7-4668-BE54-9A1E7A4F7556}") = "Claims.Domain", "Main\Claims.Domain\Claims.Domain.csproj", "{8481BB1C-4DCE-4AD3-B015-33BAD9D8F479}"
EndProject
Project("{9A19103F-16F7-4668-BE54-9A1E7A4F7556}") = "Claims.Api", "Main\Claims.Api\Claims.Api.csproj", "{6ABEF471-34B8-4A86-BA8F-AC47184EC6F1}"
EndProject
Project("{9A19103F-16F7-4668-BE54-9A1E7A4F7556}") = "Claims.Api.Tests", "Tests\Claims.Api.Tests\Claims.Api.Tests.csproj", "{5D444FA7-56D5-49FF-8F9B-16ECAC14751F}"
EndProject
Project("{9A19103F-16F7-4668-BE54-9A1E7A4F7556}") = "Claims.Application", "Main\Claims.Application\Claims.Application.csproj", "{7D853A25-33C4-4B69-BA23-75956FE8D0E3}"
EndProject
Project("{9A19103F-16F7-4668-BE54-9A1E7A4F7556}") = "Claims.Application.Tests", "Tests\Claims.Application.Tests\Claims.Application.Tests.csproj", "{5050EADB-99AA-4887-8E4F-70BB07A50BE5}"
EndProject
Project("{9A19103F-16F7-4668-BE54-9A1E7A4F7556}") = "Claims.Domain.Tests", "Tests\Claims.Domain.Tests\Claims.Domain.Tests.csproj", "{4049588D-2FE2-46C5-B608-67C61C3E1E8C}"
EndProject
Project("{9A19103F-16F7-4668-BE54-9A1E7A4F7556}") = "BuildingBlocks.MessageQueues", "Main\BuildingBlocks.MessageQueues\BuildingBlocks.MessageQueues.csproj", "{0F4780EE-473F-41F6-A8B9-7FC8D873B01B}"
EndProject
Project("{9A19103F-16F7-4668-BE54-9A1E7A4F7556}") = "BuildingBlocks.Temporal", "Main\BuildingBlocks.Temporal\BuildingBlocks.Temporal.csproj", "{A5C07096-BB14-45F5-B745-BFD052E224BA}"
EndProject
Project("{9A19103F-16F7-4668-BE54-9A1E7A4F7556}") = "Claims.Persistence", "Main\Claims.Persistence\Claims.Persistence.csproj", "{E113E24E-91FA-4BFE-9293-3D186D11A508}"
EndProject
Project("{2150E333-8FDC-42A3-9474-1A3956D46DE8}") = "Claims", "Claims", "{6C8A7F8D-2103-4C17-8246-FC6CEC214383}"
EndProject
Project("{9A19103F-16F7-4668-BE54-9A1E7A4F7556}") = "BuildingBlocks.Testing", "Main\BuildingBlocks.Testing\BuildingBlocks.Testing.csproj", "{8D7BBEAC-0277-4ECB-BCB7-EB13AFF86CA0}"
EndProject
Project("{9A19103F-16F7-4668-BE54-9A1E7A4F7556}") = "Auditing.Persistence", "Main\Auditing.Persistence\Auditing.Persistence.csproj", "{03029436-9371-49EF-BB18-A18B5B5E9634}"
EndProject
Project("{9A19103F-16F7-4668-BE54-9A1E7A4F7556}") = "Shared.Auditing", "Main\Shared.Auditing\Shared.Auditing.csproj", "{C21FC460-A476-4E3C-8FD1-3175751133A7}"
EndProject
Project("{FAE04EC0-301F-11D3-BF4B-00C04F79EFBC}") = "Auditing.QueueListener", "Main\Auditing.QueueListener\Auditing.QueueListener.csproj", "{CCFC7588-357B-457B-8DB9-BAC74B9A864B}"
EndProject
Project("{2150E333-8FDC-42A3-9474-1A3956D46DE8}") = "Libraries", "Libraries", "{9F408A55-D119-40BC-BD29-16D312714713}"
EndProject
Project("{2150E333-8FDC-42A3-9474-1A3956D46DE8}") = "Auditing", "Auditing", "{01AE682D-4FCF-4F7D-9538-6DBBF54AB588}"
EndProject
Project("{2150E333-8FDC-42A3-9474-1A3956D46DE8}") = "Code", "Code", "{350FB2CC-0B63-45C8-9336-3D04A5603E29}"
EndProject
Global
	GlobalSection(SolutionConfigurationPlatforms) = preSolution
		Debug|Any CPU = Debug|Any CPU
		Release|Any CPU = Release|Any CPU
	EndGlobalSection
	GlobalSection(ProjectConfigurationPlatforms) = postSolution
		{8481BB1C-4DCE-4AD3-B015-33BAD9D8F479}.Debug|Any CPU.ActiveCfg = Debug|Any CPU
		{8481BB1C-4DCE-4AD3-B015-33BAD9D8F479}.Debug|Any CPU.Build.0 = Debug|Any CPU
		{8481BB1C-4DCE-4AD3-B015-33BAD9D8F479}.Release|Any CPU.ActiveCfg = Release|Any CPU
		{8481BB1C-4DCE-4AD3-B015-33BAD9D8F479}.Release|Any CPU.Build.0 = Release|Any CPU
		{6ABEF471-34B8-4A86-BA8F-AC47184EC6F1}.Debug|Any CPU.ActiveCfg = Debug|Any CPU
		{6ABEF471-34B8-4A86-BA8F-AC47184EC6F1}.Debug|Any CPU.Build.0 = Debug|Any CPU
		{6ABEF471-34B8-4A86-BA8F-AC47184EC6F1}.Release|Any CPU.ActiveCfg = Release|Any CPU
		{6ABEF471-34B8-4A86-BA8F-AC47184EC6F1}.Release|Any CPU.Build.0 = Release|Any CPU
		{5D444FA7-56D5-49FF-8F9B-16ECAC14751F}.Debug|Any CPU.ActiveCfg = Debug|Any CPU
		{5D444FA7-56D5-49FF-8F9B-16ECAC14751F}.Debug|Any CPU.Build.0 = Debug|Any CPU
		{5D444FA7-56D5-49FF-8F9B-16ECAC14751F}.Release|Any CPU.ActiveCfg = Release|Any CPU
		{5D444FA7-56D5-49FF-8F9B-16ECAC14751F}.Release|Any CPU.Build.0 = Release|Any CPU
		{7D853A25-33C4-4B69-BA23-75956FE8D0E3}.Debug|Any CPU.ActiveCfg = Debug|Any CPU
		{7D853A25-33C4-4B69-BA23-75956FE8D0E3}.Debug|Any CPU.Build.0 = Debug|Any CPU
		{7D853A25-33C4-4B69-BA23-75956FE8D0E3}.Release|Any CPU.ActiveCfg = Release|Any CPU
		{7D853A25-33C4-4B69-BA23-75956FE8D0E3}.Release|Any CPU.Build.0 = Release|Any CPU
		{5050EADB-99AA-4887-8E4F-70BB07A50BE5}.Debug|Any CPU.ActiveCfg = Debug|Any CPU
		{5050EADB-99AA-4887-8E4F-70BB07A50BE5}.Debug|Any CPU.Build.0 = Debug|Any CPU
		{5050EADB-99AA-4887-8E4F-70BB07A50BE5}.Release|Any CPU.ActiveCfg = Release|Any CPU
		{5050EADB-99AA-4887-8E4F-70BB07A50BE5}.Release|Any CPU.Build.0 = Release|Any CPU
		{4049588D-2FE2-46C5-B608-67C61C3E1E8C}.Debug|Any CPU.ActiveCfg = Debug|Any CPU
		{4049588D-2FE2-46C5-B608-67C61C3E1E8C}.Debug|Any CPU.Build.0 = Debug|Any CPU
		{4049588D-2FE2-46C5-B608-67C61C3E1E8C}.Release|Any CPU.ActiveCfg = Release|Any CPU
		{4049588D-2FE2-46C5-B608-67C61C3E1E8C}.Release|Any CPU.Build.0 = Release|Any CPU
		{0F4780EE-473F-41F6-A8B9-7FC8D873B01B}.Debug|Any CPU.ActiveCfg = Debug|Any CPU
		{0F4780EE-473F-41F6-A8B9-7FC8D873B01B}.Debug|Any CPU.Build.0 = Debug|Any CPU
		{0F4780EE-473F-41F6-A8B9-7FC8D873B01B}.Release|Any CPU.ActiveCfg = Release|Any CPU
		{0F4780EE-473F-41F6-A8B9-7FC8D873B01B}.Release|Any CPU.Build.0 = Release|Any CPU
		{A5C07096-BB14-45F5-B745-BFD052E224BA}.Debug|Any CPU.ActiveCfg = Debug|Any CPU
		{A5C07096-BB14-45F5-B745-BFD052E224BA}.Debug|Any CPU.Build.0 = Debug|Any CPU
		{A5C07096-BB14-45F5-B745-BFD052E224BA}.Release|Any CPU.ActiveCfg = Release|Any CPU
		{A5C07096-BB14-45F5-B745-BFD052E224BA}.Release|Any CPU.Build.0 = Release|Any CPU
		{E113E24E-91FA-4BFE-9293-3D186D11A508}.Debug|Any CPU.ActiveCfg = Debug|Any CPU
		{E113E24E-91FA-4BFE-9293-3D186D11A508}.Debug|Any CPU.Build.0 = Debug|Any CPU
		{E113E24E-91FA-4BFE-9293-3D186D11A508}.Release|Any CPU.ActiveCfg = Release|Any CPU
		{E113E24E-91FA-4BFE-9293-3D186D11A508}.Release|Any CPU.Build.0 = Release|Any CPU
		{8D7BBEAC-0277-4ECB-BCB7-EB13AFF86CA0}.Debug|Any CPU.ActiveCfg = Debug|Any CPU
		{8D7BBEAC-0277-4ECB-BCB7-EB13AFF86CA0}.Debug|Any CPU.Build.0 = Debug|Any CPU
		{8D7BBEAC-0277-4ECB-BCB7-EB13AFF86CA0}.Release|Any CPU.ActiveCfg = Release|Any CPU
		{8D7BBEAC-0277-4ECB-BCB7-EB13AFF86CA0}.Release|Any CPU.Build.0 = Release|Any CPU
		{03029436-9371-49EF-BB18-A18B5B5E9634}.Debug|Any CPU.ActiveCfg = Debug|Any CPU
		{03029436-9371-49EF-BB18-A18B5B5E9634}.Debug|Any CPU.Build.0 = Debug|Any CPU
		{03029436-9371-49EF-BB18-A18B5B5E9634}.Release|Any CPU.ActiveCfg = Release|Any CPU
		{03029436-9371-49EF-BB18-A18B5B5E9634}.Release|Any CPU.Build.0 = Release|Any CPU
		{C21FC460-A476-4E3C-8FD1-3175751133A7}.Debug|Any CPU.ActiveCfg = Debug|Any CPU
		{C21FC460-A476-4E3C-8FD1-3175751133A7}.Debug|Any CPU.Build.0 = Debug|Any CPU
		{C21FC460-A476-4E3C-8FD1-3175751133A7}.Release|Any CPU.ActiveCfg = Release|Any CPU
		{C21FC460-A476-4E3C-8FD1-3175751133A7}.Release|Any CPU.Build.0 = Release|Any CPU
		{CCFC7588-357B-457B-8DB9-BAC74B9A864B}.Debug|Any CPU.ActiveCfg = Debug|Any CPU
		{CCFC7588-357B-457B-8DB9-BAC74B9A864B}.Debug|Any CPU.Build.0 = Debug|Any CPU
		{CCFC7588-357B-457B-8DB9-BAC74B9A864B}.Release|Any CPU.ActiveCfg = Release|Any CPU
		{CCFC7588-357B-457B-8DB9-BAC74B9A864B}.Release|Any CPU.Build.0 = Release|Any CPU
	EndGlobalSection
	GlobalSection(SolutionProperties) = preSolution
		HideSolutionNode = FALSE
	EndGlobalSection
	GlobalSection(NestedProjects) = preSolution
		{8481BB1C-4DCE-4AD3-B015-33BAD9D8F479} = {6C8A7F8D-2103-4C17-8246-FC6CEC214383}
		{6ABEF471-34B8-4A86-BA8F-AC47184EC6F1} = {6C8A7F8D-2103-4C17-8246-FC6CEC214383}
		{5D444FA7-56D5-49FF-8F9B-16ECAC14751F} = {003F7774-8202-4837-8C40-72297F3876C1}
		{7D853A25-33C4-4B69-BA23-75956FE8D0E3} = {6C8A7F8D-2103-4C17-8246-FC6CEC214383}
		{5050EADB-99AA-4887-8E4F-70BB07A50BE5} = {003F7774-8202-4837-8C40-72297F3876C1}
		{4049588D-2FE2-46C5-B608-67C61C3E1E8C} = {003F7774-8202-4837-8C40-72297F3876C1}
		{0F4780EE-473F-41F6-A8B9-7FC8D873B01B} = {9F408A55-D119-40BC-BD29-16D312714713}
		{A5C07096-BB14-45F5-B745-BFD052E224BA} = {9F408A55-D119-40BC-BD29-16D312714713}
		{E113E24E-91FA-4BFE-9293-3D186D11A508} = {6C8A7F8D-2103-4C17-8246-FC6CEC214383}
		{6C8A7F8D-2103-4C17-8246-FC6CEC214383} = {350FB2CC-0B63-45C8-9336-3D04A5603E29}
		{8D7BBEAC-0277-4ECB-BCB7-EB13AFF86CA0} = {9F408A55-D119-40BC-BD29-16D312714713}
		{03029436-9371-49EF-BB18-A18B5B5E9634} = {01AE682D-4FCF-4F7D-9538-6DBBF54AB588}
		{C21FC460-A476-4E3C-8FD1-3175751133A7} = {01AE682D-4FCF-4F7D-9538-6DBBF54AB588}
		{CCFC7588-357B-457B-8DB9-BAC74B9A864B} = {01AE682D-4FCF-4F7D-9538-6DBBF54AB588}
		{9F408A55-D119-40BC-BD29-16D312714713} = {350FB2CC-0B63-45C8-9336-3D04A5603E29}
		{01AE682D-4FCF-4F7D-9538-6DBBF54AB588} = {350FB2CC-0B63-45C8-9336-3D04A5603E29}
	EndGlobalSection
	GlobalSection(ExtensibilityGlobals) = postSolution
		SolutionGuid = {9D4C1340-FBC4-4F35-944F-26237883E032}
	EndGlobalSection
EndGlobal
