
Microsoft Visual Studio Solution File, Format Version 12.00
# Visual Studio Version 17
VisualStudioVersion = 17.2.32519.379
MinimumVisualStudioVersion = 10.0.40219.1
Project("{2150E333-8FDC-42A3-9474-1A3956D46DE8}") = "Tests", "Tests", "{003F7774-8202-4837-8C40-72297F3876C1}"
EndProject
Project("{9A19103F-16F7-4668-BE54-9A1E7A4F7556}") = "Claims.Infrastructure", "Main\Claims.Infrastructure\Claims.Infrastructure.csproj", "{BC1EBFA6-B82A-4F22-BADB-1497B80CEAAB}"
EndProject
Project("{9A19103F-16F7-4668-BE54-9A1E7A4F7556}") = "Claims.Domain", "Main\Claims.Domain\Claims.Domain.csproj", "{8481BB1C-4DCE-4AD3-B015-33BAD9D8F479}"
EndProject
Project("{9A19103F-16F7-4668-BE54-9A1E7A4F7556}") = "Claims.AuditDaemon", "Main\Claims.AuditDaemon\Claims.AuditDaemon.csproj", "{D5228D0B-875D-417E-8033-C8E1DBA09D7F}"
EndProject
Project("{9A19103F-16F7-4668-BE54-9A1E7A4F7556}") = "Claims.Auditing", "Main\Claims.Auditing\Claims.Auditing.csproj", "{49EA4DFC-57A3-4116-A579-3EA890F255C5}"
EndProject
Project("{9A19103F-16F7-4668-BE54-9A1E7A4F7556}") = "Claims.Api", "Main\Claims.Api\Claims.Api.csproj", "{6ABEF471-34B8-4A86-BA8F-AC47184EC6F1}"
EndProject
Project("{9A19103F-16F7-4668-BE54-9A1E7A4F7556}") = "Claims.Testing", "Tests\Claims.Testing\Claims.Testing.csproj", "{0722F378-F248-417C-BB17-78CBEC762E59}"
EndProject
Project("{9A19103F-16F7-4668-BE54-9A1E7A4F7556}") = "Claims.Api.Tests", "Tests\Claims.Api.Tests\Claims.Api.Tests.csproj", "{5D444FA7-56D5-49FF-8F9B-16ECAC14751F}"
EndProject
Project("{9A19103F-16F7-4668-BE54-9A1E7A4F7556}") = "Claims.Application", "Main\Claims.Application\Claims.Application.csproj", "{7D853A25-33C4-4B69-BA23-75956FE8D0E3}"
EndProject
Project("{9A19103F-16F7-4668-BE54-9A1E7A4F7556}") = "Claims.Application.Tests", "Tests\Claims.Application.Tests\Claims.Application.Tests.csproj", "{5050EADB-99AA-4887-8E4F-70BB07A50BE5}"
EndProject
Project("{2150E333-8FDC-42A3-9474-1A3956D46DE8}") = "EntryPoints", "EntryPoints", "{81D11772-48EE-4362-9131-9F42E3E0BF6B}"
EndProject
Project("{FAE04EC0-301F-11D3-BF4B-00C04F79EFBC}") = "Claims.Persistence", "Main\Claims.Persistence\Claims.Persistence.csproj", "{48D8F280-6FE0-4015-B2B7-1F63D90A1392}"
EndProject
Project("{2150E333-8FDC-42A3-9474-1A3956D46DE8}") = "Code", "Code", "{6C8A7F8D-2103-4C17-8246-FC6CEC214383}"
EndProject
Project("{FAE04EC0-301F-11D3-BF4B-00C04F79EFBC}") = "BuildingBlocks.MessageQueues", "Main\BuildingBlocks.MessageQueues\BuildingBlocks.MessageQueues.csproj", "{0F4780EE-473F-41F6-A8B9-7FC8D873B01B}"
EndProject
Global
	GlobalSection(SolutionConfigurationPlatforms) = preSolution
		Debug|Any CPU = Debug|Any CPU
		Release|Any CPU = Release|Any CPU
	EndGlobalSection
	GlobalSection(ProjectConfigurationPlatforms) = postSolution
		{BC1EBFA6-B82A-4F22-BADB-1497B80CEAAB}.Debug|Any CPU.ActiveCfg = Debug|Any CPU
		{BC1EBFA6-B82A-4F22-BADB-1497B80CEAAB}.Debug|Any CPU.Build.0 = Debug|Any CPU
		{BC1EBFA6-B82A-4F22-BADB-1497B80CEAAB}.Release|Any CPU.ActiveCfg = Release|Any CPU
		{BC1EBFA6-B82A-4F22-BADB-1497B80CEAAB}.Release|Any CPU.Build.0 = Release|Any CPU
		{8481BB1C-4DCE-4AD3-B015-33BAD9D8F479}.Debug|Any CPU.ActiveCfg = Debug|Any CPU
		{8481BB1C-4DCE-4AD3-B015-33BAD9D8F479}.Debug|Any CPU.Build.0 = Debug|Any CPU
		{8481BB1C-4DCE-4AD3-B015-33BAD9D8F479}.Release|Any CPU.ActiveCfg = Release|Any CPU
		{8481BB1C-4DCE-4AD3-B015-33BAD9D8F479}.Release|Any CPU.Build.0 = Release|Any CPU
		{D5228D0B-875D-417E-8033-C8E1DBA09D7F}.Debug|Any CPU.ActiveCfg = Debug|Any CPU
		{D5228D0B-875D-417E-8033-C8E1DBA09D7F}.Debug|Any CPU.Build.0 = Debug|Any CPU
		{D5228D0B-875D-417E-8033-C8E1DBA09D7F}.Release|Any CPU.ActiveCfg = Release|Any CPU
		{D5228D0B-875D-417E-8033-C8E1DBA09D7F}.Release|Any CPU.Build.0 = Release|Any CPU
		{49EA4DFC-57A3-4116-A579-3EA890F255C5}.Debug|Any CPU.ActiveCfg = Debug|Any CPU
		{49EA4DFC-57A3-4116-A579-3EA890F255C5}.Debug|Any CPU.Build.0 = Debug|Any CPU
		{49EA4DFC-57A3-4116-A579-3EA890F255C5}.Release|Any CPU.ActiveCfg = Release|Any CPU
		{49EA4DFC-57A3-4116-A579-3EA890F255C5}.Release|Any CPU.Build.0 = Release|Any CPU
		{6ABEF471-34B8-4A86-BA8F-AC47184EC6F1}.Debug|Any CPU.ActiveCfg = Debug|Any CPU
		{6ABEF471-34B8-4A86-BA8F-AC47184EC6F1}.Debug|Any CPU.Build.0 = Debug|Any CPU
		{6ABEF471-34B8-4A86-BA8F-AC47184EC6F1}.Release|Any CPU.ActiveCfg = Release|Any CPU
		{6ABEF471-34B8-4A86-BA8F-AC47184EC6F1}.Release|Any CPU.Build.0 = Release|Any CPU
		{0722F378-F248-417C-BB17-78CBEC762E59}.Debug|Any CPU.ActiveCfg = Debug|Any CPU
		{0722F378-F248-417C-BB17-78CBEC762E59}.Debug|Any CPU.Build.0 = Debug|Any CPU
		{0722F378-F248-417C-BB17-78CBEC762E59}.Release|Any CPU.ActiveCfg = Release|Any CPU
		{0722F378-F248-417C-BB17-78CBEC762E59}.Release|Any CPU.Build.0 = Release|Any CPU
		{5D444FA7-56D5-49FF-8F9B-16ECAC14751F}.Debug|Any CPU.ActiveCfg = Debug|Any CPU
		{5D444FA7-56D5-49FF-8F9B-16ECAC14751F}.Debug|Any CPU.Build.0 = Debug|Any CPU
		{5D444FA7-56D5-49FF-8F9B-16ECAC14751F}.Release|Any CPU.ActiveCfg = Release|Any CPU
		{5D444FA7-56D5-49FF-8F9B-16ECAC14751F}.Release|Any CPU.Build.0 = Release|Any CPU
		{7D853A25-33C4-4B69-BA23-75956FE8D0E3}.Debug|Any CPU.ActiveCfg = Debug|Any CPU
		{7D853A25-33C4-4B69-BA23-75956FE8D0E3}.Debug|Any CPU.Build.0 = Debug|Any CPU
		{7D853A25-33C4-4B69-BA23-75956FE8D0E3}.Release|Any CPU.ActiveCfg = Release|Any CPU
		{7D853A25-33C4-4B69-BA23-75956FE8D0E3}.Release|Any CPU.Build.0 = Release|Any CPU
		{5050EADB-99AA-4887-8E4F-70BB07A50BE5}.Debug|Any CPU.ActiveCfg = Debug|Any CPU
		{5050EADB-99AA-4887-8E4F-70BB07A50BE5}.Debug|Any CPU.Build.0 = Debug|Any CPU
		{5050EADB-99AA-4887-8E4F-70BB07A50BE5}.Release|Any CPU.ActiveCfg = Release|Any CPU
		{5050EADB-99AA-4887-8E4F-70BB07A50BE5}.Release|Any CPU.Build.0 = Release|Any CPU
		{48D8F280-6FE0-4015-B2B7-1F63D90A1392}.Debug|Any CPU.ActiveCfg = Debug|Any CPU
		{48D8F280-6FE0-4015-B2B7-1F63D90A1392}.Debug|Any CPU.Build.0 = Debug|Any CPU
		{48D8F280-6FE0-4015-B2B7-1F63D90A1392}.Release|Any CPU.ActiveCfg = Release|Any CPU
		{48D8F280-6FE0-4015-B2B7-1F63D90A1392}.Release|Any CPU.Build.0 = Release|Any CPU
		{0F4780EE-473F-41F6-A8B9-7FC8D873B01B}.Debug|Any CPU.ActiveCfg = Debug|Any CPU
		{0F4780EE-473F-41F6-A8B9-7FC8D873B01B}.Debug|Any CPU.Build.0 = Debug|Any CPU
		{0F4780EE-473F-41F6-A8B9-7FC8D873B01B}.Release|Any CPU.ActiveCfg = Release|Any CPU
		{0F4780EE-473F-41F6-A8B9-7FC8D873B01B}.Release|Any CPU.Build.0 = Release|Any CPU
	EndGlobalSection
	GlobalSection(SolutionProperties) = preSolution
		HideSolutionNode = FALSE
	EndGlobalSection
	GlobalSection(NestedProjects) = preSolution
		{BC1EBFA6-B82A-4F22-BADB-1497B80CEAAB} = {6C8A7F8D-2103-4C17-8246-FC6CEC214383}
		{8481BB1C-4DCE-4AD3-B015-33BAD9D8F479} = {6C8A7F8D-2103-4C17-8246-FC6CEC214383}
		{D5228D0B-875D-417E-8033-C8E1DBA09D7F} = {81D11772-48EE-4362-9131-9F42E3E0BF6B}
		{49EA4DFC-57A3-4116-A579-3EA890F255C5} = {6C8A7F8D-2103-4C17-8246-FC6CEC214383}
		{6ABEF471-34B8-4A86-BA8F-AC47184EC6F1} = {81D11772-48EE-4362-9131-9F42E3E0BF6B}
		{0722F378-F248-417C-BB17-78CBEC762E59} = {003F7774-8202-4837-8C40-72297F3876C1}
		{5D444FA7-56D5-49FF-8F9B-16ECAC14751F} = {003F7774-8202-4837-8C40-72297F3876C1}
		{7D853A25-33C4-4B69-BA23-75956FE8D0E3} = {6C8A7F8D-2103-4C17-8246-FC6CEC214383}
		{5050EADB-99AA-4887-8E4F-70BB07A50BE5} = {003F7774-8202-4837-8C40-72297F3876C1}
		{48D8F280-6FE0-4015-B2B7-1F63D90A1392} = {6C8A7F8D-2103-4C17-8246-FC6CEC214383}
		{0F4780EE-473F-41F6-A8B9-7FC8D873B01B} = {6C8A7F8D-2103-4C17-8246-FC6CEC214383}
	EndGlobalSection
	GlobalSection(ExtensibilityGlobals) = postSolution
		SolutionGuid = {9D4C1340-FBC4-4F35-944F-26237883E032}
	EndGlobalSection
EndGlobal
